
Microsoft Visual Studio Solution File, Format Version 12.00
# Visual Studio Version 17
VisualStudioVersion = 17.14.36221.1 d17.14
MinimumVisualStudioVersion = 10.0.40219.1
Project("{FAE04EC0-301F-11D3-BF4B-00C04F79EFBC}") = "pr14", "pr14\pr14.csproj", "{F8D2BEF7-1AE2-439C-B8B6-75C12FD92028}"
EndProject
Global
	GlobalSection(SolutionConfigurationPlatforms) = preSolution
		Debug|Any CPU = Debug|Any CPU
		Release|Any CPU = Release|Any CPU
	EndGlobalSection
	GlobalSection(ProjectConfigurationPlatforms) = postSolution
		{F8D2BEF7-1AE2-439C-B8B6-75C12FD92028}.Debug|Any CPU.ActiveCfg = Debug|Any CPU
		{F8D2BEF7-1AE2-439C-B8B6-75C12FD92028}.Debug|Any CPU.Build.0 = Debug|Any CPU
		{F8D2BEF7-1AE2-439C-B8B6-75C12FD92028}.Release|Any CPU.ActiveCfg = Release|Any CPU
		{F8D2BEF7-1AE2-439C-B8B6-75C12FD92028}.Release|Any CPU.Build.0 = Release|Any CPU
	EndGlobalSection
	GlobalSection(SolutionProperties) = preSolution
		HideSolutionNode = FALSE
	EndGlobalSection
	GlobalSection(ExtensibilityGlobals) = postSolution
		SolutionGuid = {8A25DC9F-9201-45E2-9D1C-9A8DA116045C}
	EndGlobalSection
EndGlobal
